
Microsoft Visual Studio Solution File, Format Version 12.00
# Visual Studio 2015
Project("{FAE04EC0-301F-11D3-BF4B-00C04F79EFBC}") = "projectphaseone.CSharp.Plugins", "projectphaseone.CSharp.Plugins.csproj", "{C12554CD-0697-7086-0C0C-41495D2FD1FA}"
EndProject
Project("{FAE04EC0-301F-11D3-BF4B-00C04F79EFBC}") = "projectphaseone.CSharp", "projectphaseone.CSharp.csproj", "{13C23BAA-E39E-7556-7705-E4B80FA14102}"
EndProject
Project("{FAE04EC0-301F-11D3-BF4B-00C04F79EFBC}") = "projectphaseone.CSharp.Editor.Plugins", "projectphaseone.CSharp.Editor.Plugins.csproj", "{594D3F44-3390-EBEA-D82D-6BCAFA980D07}"
EndProject
Global
	GlobalSection(SolutionConfigurationPlatforms) = preSolution
		Debug|Any CPU = Debug|Any CPU
		Release|Any CPU = Release|Any CPU
	EndGlobalSection
	GlobalSection(ProjectConfigurationPlatforms) = postSolution
		{C12554CD-0697-7086-0C0C-41495D2FD1FA}.Debug|Any CPU.ActiveCfg = Debug|Any CPU
		{C12554CD-0697-7086-0C0C-41495D2FD1FA}.Debug|Any CPU.Build.0 = Debug|Any CPU
		{C12554CD-0697-7086-0C0C-41495D2FD1FA}.Release|Any CPU.ActiveCfg = Release|Any CPU
		{C12554CD-0697-7086-0C0C-41495D2FD1FA}.Release|Any CPU.Build.0 = Release|Any CPU
		{13C23BAA-E39E-7556-7705-E4B80FA14102}.Debug|Any CPU.ActiveCfg = Debug|Any CPU
		{13C23BAA-E39E-7556-7705-E4B80FA14102}.Debug|Any CPU.Build.0 = Debug|Any CPU
		{13C23BAA-E39E-7556-7705-E4B80FA14102}.Release|Any CPU.ActiveCfg = Release|Any CPU
		{13C23BAA-E39E-7556-7705-E4B80FA14102}.Release|Any CPU.Build.0 = Release|Any CPU
		{594D3F44-3390-EBEA-D82D-6BCAFA980D07}.Debug|Any CPU.ActiveCfg = Debug|Any CPU
		{594D3F44-3390-EBEA-D82D-6BCAFA980D07}.Debug|Any CPU.Build.0 = Debug|Any CPU
		{594D3F44-3390-EBEA-D82D-6BCAFA980D07}.Release|Any CPU.ActiveCfg = Release|Any CPU
		{594D3F44-3390-EBEA-D82D-6BCAFA980D07}.Release|Any CPU.Build.0 = Release|Any CPU
	EndGlobalSection
	GlobalSection(SolutionProperties) = preSolution
		HideSolutionNode = FALSE
	EndGlobalSection
EndGlobal
